
Microsoft Visual Studio Solution File, Format Version 12.00
# Visual Studio 15
VisualStudioVersion = 15.0.28307.168
MinimumVisualStudioVersion = 10.0.40219.1
Project("{FAE04EC0-301F-11D3-BF4B-00C04F79EFBC}") = "APITest", "APITest\APITest.csproj", "{3D38B081-D46D-4326-9B85-E6942D46D7CB}"
EndProject
Global
	GlobalSection(SolutionConfigurationPlatforms) = preSolution
		Debug|Any CPU = Debug|Any CPU
		Release|Any CPU = Release|Any CPU
	EndGlobalSection
	GlobalSection(ProjectConfigurationPlatforms) = postSolution
		{3D38B081-D46D-4326-9B85-E6942D46D7CB}.Debug|Any CPU.ActiveCfg = Debug|Any CPU
		{3D38B081-D46D-4326-9B85-E6942D46D7CB}.Debug|Any CPU.Build.0 = Debug|Any CPU
		{3D38B081-D46D-4326-9B85-E6942D46D7CB}.Release|Any CPU.ActiveCfg = Release|Any CPU
		{3D38B081-D46D-4326-9B85-E6942D46D7CB}.Release|Any CPU.Build.0 = Release|Any CPU
	EndGlobalSection
	GlobalSection(SolutionProperties) = preSolution
		HideSolutionNode = FALSE
	EndGlobalSection
	GlobalSection(ExtensibilityGlobals) = postSolution
		SolutionGuid = {0882262C-8955-455F-B912-1A5670663221}
	EndGlobalSection
EndGlobal
